
Microsoft Visual Studio Solution File, Format Version 12.00
# Visual Studio Version 17
VisualStudioVersion = 17.1.32421.90
MinimumVisualStudioVersion = 10.0.40219.1
Project("{FAE04EC0-301F-11D3-BF4B-00C04F79EFBC}") = "202503015", "202503015\202503015.csproj", "{83F7DCD4-4247-4435-B1EA-364CA3C1CBD6}"
EndProject
Global
	GlobalSection(SolutionConfigurationPlatforms) = preSolution
		Debug|Any CPU = Debug|Any CPU
		Release|Any CPU = Release|Any CPU
	EndGlobalSection
	GlobalSection(ProjectConfigurationPlatforms) = postSolution
		{83F7DCD4-4247-4435-B1EA-364CA3C1CBD6}.Debug|Any CPU.ActiveCfg = Debug|Any CPU
		{83F7DCD4-4247-4435-B1EA-364CA3C1CBD6}.Debug|Any CPU.Build.0 = Debug|Any CPU
		{83F7DCD4-4247-4435-B1EA-364CA3C1CBD6}.Release|Any CPU.ActiveCfg = Release|Any CPU
		{83F7DCD4-4247-4435-B1EA-364CA3C1CBD6}.Release|Any CPU.Build.0 = Release|Any CPU
	EndGlobalSection
	GlobalSection(SolutionProperties) = preSolution
		HideSolutionNode = FALSE
	EndGlobalSection
	GlobalSection(ExtensibilityGlobals) = postSolution
		SolutionGuid = {096A6DA3-E77F-4794-A265-CCF25D1916A1}
	EndGlobalSection
EndGlobal
